
Microsoft Visual Studio Solution File, Format Version 12.00
# Visual Studio Version 17
VisualStudioVersion = 17.5.33424.131
MinimumVisualStudioVersion = 10.0.40219.1
Project("{9A19103F-16F7-4668-BE54-9A1E7A4F7556}") = "PortalLegisAmbiental.API", "PortalLegisAmbiental.API.csproj", "{DFCF1847-BF3A-4923-AFAE-39165A5D4B3F}"
EndProject
Project("{9A19103F-16F7-4668-BE54-9A1E7A4F7556}") = "PortalLegisAmbiental.Application", "..\PortalLegisAmbiental.Application\PortalLegisAmbiental.Application.csproj", "{69E5B358-E38A-4D66-9219-14CF39DD85A9}"
EndProject
Project("{9A19103F-16F7-4668-BE54-9A1E7A4F7556}") = "PortalLegisAmbiental.Domain", "..\PortalLegisAmbiental.Domain\PortalLegisAmbiental.Domain.csproj", "{5E4BF870-4128-445D-9F1C-3C675900A117}"
EndProject
Project("{9A19103F-16F7-4668-BE54-9A1E7A4F7556}") = "PortalLegisAmbiental.Infrastructure", "..\PortalLegisAmbiental.Infrastructure\PortalLegisAmbiental.Infrastructure.csproj", "{BD30CD1A-94AC-49CF-8440-E00AE2E8DE2B}"
EndProject
Global
	GlobalSection(SolutionConfigurationPlatforms) = preSolution
		Debug|Any CPU = Debug|Any CPU
		Release|Any CPU = Release|Any CPU
	EndGlobalSection
	GlobalSection(ProjectConfigurationPlatforms) = postSolution
		{DFCF1847-BF3A-4923-AFAE-39165A5D4B3F}.Debug|Any CPU.ActiveCfg = Debug|Any CPU
		{DFCF1847-BF3A-4923-AFAE-39165A5D4B3F}.Debug|Any CPU.Build.0 = Debug|Any CPU
		{DFCF1847-BF3A-4923-AFAE-39165A5D4B3F}.Release|Any CPU.ActiveCfg = Release|Any CPU
		{DFCF1847-BF3A-4923-AFAE-39165A5D4B3F}.Release|Any CPU.Build.0 = Release|Any CPU
		{69E5B358-E38A-4D66-9219-14CF39DD85A9}.Debug|Any CPU.ActiveCfg = Debug|Any CPU
		{69E5B358-E38A-4D66-9219-14CF39DD85A9}.Debug|Any CPU.Build.0 = Debug|Any CPU
		{69E5B358-E38A-4D66-9219-14CF39DD85A9}.Release|Any CPU.ActiveCfg = Release|Any CPU
		{69E5B358-E38A-4D66-9219-14CF39DD85A9}.Release|Any CPU.Build.0 = Release|Any CPU
		{5E4BF870-4128-445D-9F1C-3C675900A117}.Debug|Any CPU.ActiveCfg = Debug|Any CPU
		{5E4BF870-4128-445D-9F1C-3C675900A117}.Debug|Any CPU.Build.0 = Debug|Any CPU
		{5E4BF870-4128-445D-9F1C-3C675900A117}.Release|Any CPU.ActiveCfg = Release|Any CPU
		{5E4BF870-4128-445D-9F1C-3C675900A117}.Release|Any CPU.Build.0 = Release|Any CPU
		{BD30CD1A-94AC-49CF-8440-E00AE2E8DE2B}.Debug|Any CPU.ActiveCfg = Debug|Any CPU
		{BD30CD1A-94AC-49CF-8440-E00AE2E8DE2B}.Debug|Any CPU.Build.0 = Debug|Any CPU
		{BD30CD1A-94AC-49CF-8440-E00AE2E8DE2B}.Release|Any CPU.ActiveCfg = Release|Any CPU
		{BD30CD1A-94AC-49CF-8440-E00AE2E8DE2B}.Release|Any CPU.Build.0 = Release|Any CPU
	EndGlobalSection
	GlobalSection(SolutionProperties) = preSolution
		HideSolutionNode = FALSE
	EndGlobalSection
	GlobalSection(ExtensibilityGlobals) = postSolution
		SolutionGuid = {276ED698-EEF5-46B9-ACB1-E954CBED3BD8}
	EndGlobalSection
EndGlobal
